
Microsoft Visual Studio Solution File, Format Version 11.00
# Visual Studio 2010
Project("{FAE04EC0-301F-11D3-BF4B-00C04F79EFBC}") = "mazeProject", "mazeProject\mazeProject.csproj", "{82E3F44F-CD72-4CE9-AE29-E33A2E67CE62}"
EndProject
Global
	GlobalSection(SolutionConfigurationPlatforms) = preSolution
		Debug|x86 = Debug|x86
		Release|x86 = Release|x86
	EndGlobalSection
	GlobalSection(ProjectConfigurationPlatforms) = postSolution
		{82E3F44F-CD72-4CE9-AE29-E33A2E67CE62}.Debug|x86.ActiveCfg = Debug|x86
		{82E3F44F-CD72-4CE9-AE29-E33A2E67CE62}.Debug|x86.Build.0 = Debug|x86
		{82E3F44F-CD72-4CE9-AE29-E33A2E67CE62}.Release|x86.ActiveCfg = Release|x86
		{82E3F44F-CD72-4CE9-AE29-E33A2E67CE62}.Release|x86.Build.0 = Release|x86
	EndGlobalSection
	GlobalSection(SolutionProperties) = preSolution
		HideSolutionNode = FALSE
	EndGlobalSection
EndGlobal
